
Microsoft Visual Studio Solution File, Format Version 12.00
# Visual Studio Version 17
VisualStudioVersion = 17.4.33103.184
MinimumVisualStudioVersion = 10.0.40219.1
Project("{2150E333-8FDC-42A3-9474-1A3956D46DE8}") = "grpc", "grpc", "{78DDF401-ABF6-4F4C-8B01-855CE7071575}"
EndProject
Project("{9A19103F-16F7-4668-BE54-9A1E7A4F7556}") = "GrpcService1", "grpc\GrpcService1\GrpcService1.csproj", "{18D44502-B907-40E7-BB13-BE2512992FA4}"
EndProject
Project("{9A19103F-16F7-4668-BE54-9A1E7A4F7556}") = "GrpcClient1", "grpc\GrpcClient1\GrpcClient1.csproj", "{2AF52C43-DF57-480B-9F76-C8BF9F72AA60}"
EndProject
Project("{2150E333-8FDC-42A3-9474-1A3956D46DE8}") = "http", "http", "{80748C4A-512C-4185-9565-F771F97F2DF3}"
EndProject
Project("{9A19103F-16F7-4668-BE54-9A1E7A4F7556}") = "DaprCounter", "http\DaprCounter\DaprCounter.csproj", "{83FECBEB-5061-4C61-8488-C61005455F1F}"
EndProject
Project("{E53339B2-1760-4266-BCC7-CA923CBCF16C}") = "docker-compose", "http\Docker\docker-compose.dcproj", "{FC6304E4-23EB-4E9E-8A61-713D9ACF95C2}"
EndProject
Project("{9A19103F-16F7-4668-BE54-9A1E7A4F7556}") = "MyBackEnd", "http\MyBackEnd\MyBackEnd.csproj", "{B2149D4F-4661-4F2A-9BE8-41364CFA030E}"
EndProject
Project("{9A19103F-16F7-4668-BE54-9A1E7A4F7556}") = "MyFrontEnd", "http\MyFrontEnd\MyFrontEnd.csproj", "{AF12CBF7-37BA-4CF7-9D3F-08E77D847D08}"
EndProject
Global
	GlobalSection(SolutionConfigurationPlatforms) = preSolution
		Debug|Any CPU = Debug|Any CPU
		Debug|x64 = Debug|x64
		Debug|x86 = Debug|x86
		Release|Any CPU = Release|Any CPU
		Release|x64 = Release|x64
		Release|x86 = Release|x86
	EndGlobalSection
	GlobalSection(ProjectConfigurationPlatforms) = postSolution
		{18D44502-B907-40E7-BB13-BE2512992FA4}.Debug|Any CPU.ActiveCfg = Debug|Any CPU
		{18D44502-B907-40E7-BB13-BE2512992FA4}.Debug|Any CPU.Build.0 = Debug|Any CPU
		{18D44502-B907-40E7-BB13-BE2512992FA4}.Debug|x64.ActiveCfg = Debug|Any CPU
		{18D44502-B907-40E7-BB13-BE2512992FA4}.Debug|x64.Build.0 = Debug|Any CPU
		{18D44502-B907-40E7-BB13-BE2512992FA4}.Debug|x86.ActiveCfg = Debug|Any CPU
		{18D44502-B907-40E7-BB13-BE2512992FA4}.Debug|x86.Build.0 = Debug|Any CPU
		{18D44502-B907-40E7-BB13-BE2512992FA4}.Release|Any CPU.ActiveCfg = Release|Any CPU
		{18D44502-B907-40E7-BB13-BE2512992FA4}.Release|Any CPU.Build.0 = Release|Any CPU
		{18D44502-B907-40E7-BB13-BE2512992FA4}.Release|x64.ActiveCfg = Release|Any CPU
		{18D44502-B907-40E7-BB13-BE2512992FA4}.Release|x64.Build.0 = Release|Any CPU
		{18D44502-B907-40E7-BB13-BE2512992FA4}.Release|x86.ActiveCfg = Release|Any CPU
		{18D44502-B907-40E7-BB13-BE2512992FA4}.Release|x86.Build.0 = Release|Any CPU
		{2AF52C43-DF57-480B-9F76-C8BF9F72AA60}.Debug|Any CPU.ActiveCfg = Debug|Any CPU
		{2AF52C43-DF57-480B-9F76-C8BF9F72AA60}.Debug|Any CPU.Build.0 = Debug|Any CPU
		{2AF52C43-DF57-480B-9F76-C8BF9F72AA60}.Debug|x64.ActiveCfg = Debug|Any CPU
		{2AF52C43-DF57-480B-9F76-C8BF9F72AA60}.Debug|x64.Build.0 = Debug|Any CPU
		{2AF52C43-DF57-480B-9F76-C8BF9F72AA60}.Debug|x86.ActiveCfg = Debug|Any CPU
		{2AF52C43-DF57-480B-9F76-C8BF9F72AA60}.Debug|x86.Build.0 = Debug|Any CPU
		{2AF52C43-DF57-480B-9F76-C8BF9F72AA60}.Release|Any CPU.ActiveCfg = Release|Any CPU
		{2AF52C43-DF57-480B-9F76-C8BF9F72AA60}.Release|Any CPU.Build.0 = Release|Any CPU
		{2AF52C43-DF57-480B-9F76-C8BF9F72AA60}.Release|x64.ActiveCfg = Release|Any CPU
		{2AF52C43-DF57-480B-9F76-C8BF9F72AA60}.Release|x64.Build.0 = Release|Any CPU
		{2AF52C43-DF57-480B-9F76-C8BF9F72AA60}.Release|x86.ActiveCfg = Release|Any CPU
		{2AF52C43-DF57-480B-9F76-C8BF9F72AA60}.Release|x86.Build.0 = Release|Any CPU
		{83FECBEB-5061-4C61-8488-C61005455F1F}.Debug|Any CPU.ActiveCfg = Debug|Any CPU
		{83FECBEB-5061-4C61-8488-C61005455F1F}.Debug|Any CPU.Build.0 = Debug|Any CPU
		{83FECBEB-5061-4C61-8488-C61005455F1F}.Debug|x64.ActiveCfg = Debug|Any CPU
		{83FECBEB-5061-4C61-8488-C61005455F1F}.Debug|x64.Build.0 = Debug|Any CPU
		{83FECBEB-5061-4C61-8488-C61005455F1F}.Debug|x86.ActiveCfg = Debug|Any CPU
		{83FECBEB-5061-4C61-8488-C61005455F1F}.Debug|x86.Build.0 = Debug|Any CPU
		{83FECBEB-5061-4C61-8488-C61005455F1F}.Release|Any CPU.ActiveCfg = Release|Any CPU
		{83FECBEB-5061-4C61-8488-C61005455F1F}.Release|Any CPU.Build.0 = Release|Any CPU
		{83FECBEB-5061-4C61-8488-C61005455F1F}.Release|x64.ActiveCfg = Release|Any CPU
		{83FECBEB-5061-4C61-8488-C61005455F1F}.Release|x64.Build.0 = Release|Any CPU
		{83FECBEB-5061-4C61-8488-C61005455F1F}.Release|x86.ActiveCfg = Release|Any CPU
		{83FECBEB-5061-4C61-8488-C61005455F1F}.Release|x86.Build.0 = Release|Any CPU
		{FC6304E4-23EB-4E9E-8A61-713D9ACF95C2}.Debug|Any CPU.ActiveCfg = Debug|Any CPU
		{FC6304E4-23EB-4E9E-8A61-713D9ACF95C2}.Debug|Any CPU.Build.0 = Debug|Any CPU
		{FC6304E4-23EB-4E9E-8A61-713D9ACF95C2}.Debug|x64.ActiveCfg = Debug|Any CPU
		{FC6304E4-23EB-4E9E-8A61-713D9ACF95C2}.Debug|x64.Build.0 = Debug|Any CPU
		{FC6304E4-23EB-4E9E-8A61-713D9ACF95C2}.Debug|x86.ActiveCfg = Debug|Any CPU
		{FC6304E4-23EB-4E9E-8A61-713D9ACF95C2}.Debug|x86.Build.0 = Debug|Any CPU
		{FC6304E4-23EB-4E9E-8A61-713D9ACF95C2}.Release|Any CPU.ActiveCfg = Release|Any CPU
		{FC6304E4-23EB-4E9E-8A61-713D9ACF95C2}.Release|Any CPU.Build.0 = Release|Any CPU
		{FC6304E4-23EB-4E9E-8A61-713D9ACF95C2}.Release|x64.ActiveCfg = Release|Any CPU
		{FC6304E4-23EB-4E9E-8A61-713D9ACF95C2}.Release|x64.Build.0 = Release|Any CPU
		{FC6304E4-23EB-4E9E-8A61-713D9ACF95C2}.Release|x86.ActiveCfg = Release|Any CPU
		{FC6304E4-23EB-4E9E-8A61-713D9ACF95C2}.Release|x86.Build.0 = Release|Any CPU
		{B2149D4F-4661-4F2A-9BE8-41364CFA030E}.Debug|Any CPU.ActiveCfg = Debug|Any CPU
		{B2149D4F-4661-4F2A-9BE8-41364CFA030E}.Debug|Any CPU.Build.0 = Debug|Any CPU
		{B2149D4F-4661-4F2A-9BE8-41364CFA030E}.Debug|x64.ActiveCfg = Debug|Any CPU
		{B2149D4F-4661-4F2A-9BE8-41364CFA030E}.Debug|x64.Build.0 = Debug|Any CPU
		{B2149D4F-4661-4F2A-9BE8-41364CFA030E}.Debug|x86.ActiveCfg = Debug|Any CPU
		{B2149D4F-4661-4F2A-9BE8-41364CFA030E}.Debug|x86.Build.0 = Debug|Any CPU
		{B2149D4F-4661-4F2A-9BE8-41364CFA030E}.Release|Any CPU.ActiveCfg = Release|Any CPU
		{B2149D4F-4661-4F2A-9BE8-41364CFA030E}.Release|Any CPU.Build.0 = Release|Any CPU
		{B2149D4F-4661-4F2A-9BE8-41364CFA030E}.Release|x64.ActiveCfg = Release|Any CPU
		{B2149D4F-4661-4F2A-9BE8-41364CFA030E}.Release|x64.Build.0 = Release|Any CPU
		{B2149D4F-4661-4F2A-9BE8-41364CFA030E}.Release|x86.ActiveCfg = Release|Any CPU
		{B2149D4F-4661-4F2A-9BE8-41364CFA030E}.Release|x86.Build.0 = Release|Any CPU
		{AF12CBF7-37BA-4CF7-9D3F-08E77D847D08}.Debug|Any CPU.ActiveCfg = Debug|Any CPU
		{AF12CBF7-37BA-4CF7-9D3F-08E77D847D08}.Debug|Any CPU.Build.0 = Debug|Any CPU
		{AF12CBF7-37BA-4CF7-9D3F-08E77D847D08}.Debug|x64.ActiveCfg = Debug|Any CPU
		{AF12CBF7-37BA-4CF7-9D3F-08E77D847D08}.Debug|x64.Build.0 = Debug|Any CPU
		{AF12CBF7-37BA-4CF7-9D3F-08E77D847D08}.Debug|x86.ActiveCfg = Debug|Any CPU
		{AF12CBF7-37BA-4CF7-9D3F-08E77D847D08}.Debug|x86.Build.0 = Debug|Any CPU
		{AF12CBF7-37BA-4CF7-9D3F-08E77D847D08}.Release|Any CPU.ActiveCfg = Release|Any CPU
		{AF12CBF7-37BA-4CF7-9D3F-08E77D847D08}.Release|Any CPU.Build.0 = Release|Any CPU
		{AF12CBF7-37BA-4CF7-9D3F-08E77D847D08}.Release|x64.ActiveCfg = Release|Any CPU
		{AF12CBF7-37BA-4CF7-9D3F-08E77D847D08}.Release|x64.Build.0 = Release|Any CPU
		{AF12CBF7-37BA-4CF7-9D3F-08E77D847D08}.Release|x86.ActiveCfg = Release|Any CPU
		{AF12CBF7-37BA-4CF7-9D3F-08E77D847D08}.Release|x86.Build.0 = Release|Any CPU
	EndGlobalSection
	GlobalSection(SolutionProperties) = preSolution
		HideSolutionNode = FALSE
	EndGlobalSection
	GlobalSection(NestedProjects) = preSolution
		{18D44502-B907-40E7-BB13-BE2512992FA4} = {78DDF401-ABF6-4F4C-8B01-855CE7071575}
		{2AF52C43-DF57-480B-9F76-C8BF9F72AA60} = {78DDF401-ABF6-4F4C-8B01-855CE7071575}
		{83FECBEB-5061-4C61-8488-C61005455F1F} = {80748C4A-512C-4185-9565-F771F97F2DF3}
		{FC6304E4-23EB-4E9E-8A61-713D9ACF95C2} = {80748C4A-512C-4185-9565-F771F97F2DF3}
		{B2149D4F-4661-4F2A-9BE8-41364CFA030E} = {80748C4A-512C-4185-9565-F771F97F2DF3}
		{AF12CBF7-37BA-4CF7-9D3F-08E77D847D08} = {80748C4A-512C-4185-9565-F771F97F2DF3}
	EndGlobalSection
	GlobalSection(ExtensibilityGlobals) = postSolution
		SolutionGuid = {C190E658-F60A-4F8E-9854-25CCB57BB9B3}
	EndGlobalSection
EndGlobal
